
Microsoft Visual Studio Solution File, Format Version 12.00
# Visual Studio Version 17
VisualStudioVersion = 17.9.34607.119
MinimumVisualStudioVersion = 10.0.40219.1
Project("{888888A0-9F3D-457C-B088-3A5042F75D52}") = "GUI-TimV4", "GUI-TimV4\GUI-TimV4.pyproj", "{CBA5C5A1-CA7A-4CDE-93CF-1DF193EFF331}"
EndProject
Global
	GlobalSection(SolutionConfigurationPlatforms) = preSolution
		Debug|Any CPU = Debug|Any CPU
		Release|Any CPU = Release|Any CPU
	EndGlobalSection
	GlobalSection(ProjectConfigurationPlatforms) = postSolution
		{CBA5C5A1-CA7A-4CDE-93CF-1DF193EFF331}.Debug|Any CPU.ActiveCfg = Debug|Any CPU
		{CBA5C5A1-CA7A-4CDE-93CF-1DF193EFF331}.Release|Any CPU.ActiveCfg = Release|Any CPU
	EndGlobalSection
	GlobalSection(SolutionProperties) = preSolution
		HideSolutionNode = FALSE
	EndGlobalSection
	GlobalSection(ExtensibilityGlobals) = postSolution
		SolutionGuid = {1C2D42DB-58BF-4BAC-B0A9-0892DC947810}
	EndGlobalSection
EndGlobal
